// !$*UTF8*$!
{
	archiveVersion = 1;
	classes = {
	};
	objectVersion = 46;
	objects = {

/* Begin PBXBuildFile section */
		849DD4D11C89889100772BE1 /* main.m in Sources */ = {isa = PBXBuildFile; fileRef = 849DD4D01C89889100772BE1 /* main.m */; };
		849DD4D41C89889100772BE1 /* AppDelegate.m in Sources */ = {isa = PBXBuildFile; fileRef = 849DD4D31C89889100772BE1 /* AppDelegate.m */; };
		849DD4DA1C89889100772BE1 /* Main.storyboard in Resources */ = {isa = PBXBuildFile; fileRef = 849DD4D81C89889100772BE1 /* Main.storyboard */; };
		849DD4DC1C89889100772BE1 /* Assets.xcassets in Resources */ = {isa = PBXBuildFile; fileRef = 849DD4DB1C89889100772BE1 /* Assets.xcassets */; };
		849DD4DF1C89889100772BE1 /* LaunchScreen.storyboard in Resources */ = {isa = PBXBuildFile; fileRef = 849DD4DD1C89889100772BE1 /* LaunchScreen.storyboard */; };
		849DD4EA1C89889200772BE1 /* METhemeKitTests.m in Sources */ = {isa = PBXBuildFile; fileRef = 849DD4E91C89889200772BE1 /* METhemeKitTests.m */; };
		849DD4F51C89889200772BE1 /* METhemeKitUITests.m in Sources */ = {isa = PBXBuildFile; fileRef = 849DD4F41C89889200772BE1 /* METhemeKitUITests.m */; };
		849DD52A1C8988D000772BE1 /* METhemeManager.m in Sources */ = {isa = PBXBuildFile; fileRef = 849DD5071C8988D000772BE1 /* METhemeManager.m */; };
		849DD52B1C8988D000772BE1 /* NSObject+Theme.m in Sources */ = {isa = PBXBuildFile; fileRef = 849DD5091C8988D000772BE1 /* NSObject+Theme.m */; };
		849DD52C1C8988D000772BE1 /* UIColor+Theme.m in Sources */ = {isa = PBXBuildFile; fileRef = 849DD50C1C8988D000772BE1 /* UIColor+Theme.m */; };
		849DD52D1C8988D000772BE1 /* UIImage+Theme.m in Sources */ = {isa = PBXBuildFile; fileRef = 849DD50E1C8988D000772BE1 /* UIImage+Theme.m */; };
		849DD52E1C8988D000772BE1 /* ThemeDefault.json in Resources */ = {isa = PBXBuildFile; fileRef = 849DD5111C8988D000772BE1 /* ThemeDefault.json */; };
		849DD52F1C8988D000772BE1 /* ThemeOrange.json in Resources */ = {isa = PBXBuildFile; fileRef = 849DD5121C8988D000772BE1 /* ThemeOrange.json */; };
		849DD5311C8988D000772BE1 /* CALayer+Theme.m in Sources */ = {isa = PBXBuildFile; fileRef = 849DD5171C8988D000772BE1 /* CALayer+Theme.m */; };
		849DD5341C8988D000772BE1 /* UIButton+Theme.m in Sources */ = {isa = PBXBuildFile; fileRef = 849DD51D1C8988D000772BE1 /* UIButton+Theme.m */; };
		849DD5351C8988D000772BE1 /* UIImageView+Theme.m in Sources */ = {isa = PBXBuildFile; fileRef = 849DD51F1C8988D000772BE1 /* UIImageView+Theme.m */; };
		849DD5361C8988D000772BE1 /* UILabel+Theme.m in Sources */ = {isa = PBXBuildFile; fileRef = 849DD5211C8988D000772BE1 /* UILabel+Theme.m */; };
		849DD5371C8988D000772BE1 /* UINavigationBar+Theme.m in Sources */ = {isa = PBXBuildFile; fileRef = 849DD5231C8988D000772BE1 /* UINavigationBar+Theme.m */; };
		849DD5381C8988D000772BE1 /* UIView+Theme.m in Sources */ = {isa = PBXBuildFile; fileRef = 849DD5251C8988D000772BE1 /* UIView+Theme.m */; };
		849DD5431C8997DE00772BE1 /* FirstViewController.m in Sources */ = {isa = PBXBuildFile; fileRef = 849DD5421C8997DE00772BE1 /* FirstViewController.m */; };
		849DD5461C8997ED00772BE1 /* SecondViewController.m in Sources */ = {isa = PBXBuildFile; fileRef = 849DD5451C8997ED00772BE1 /* SecondViewController.m */; };
		849E44D51C8D211C00397F6F /* BaseNavViewController.m in Sources */ = {isa = PBXBuildFile; fileRef = 849E44D41C8D211C00397F6F /* BaseNavViewController.m */; };
		849E44D81C8D233E00397F6F /* BaseViewController.m in Sources */ = {isa = PBXBuildFile; fileRef = 849E44D71C8D233E00397F6F /* BaseViewController.m */; };
		849E44DC1C8D27C300397F6F /* NSObject+DeallocBlock.m in Sources */ = {isa = PBXBuildFile; fileRef = 849E44DB1C8D27C300397F6F /* NSObject+DeallocBlock.m */; };
		849E44DF1C8D2B5A00397F6F /* MEDeallocBlockExecutor.m in Sources */ = {isa = PBXBuildFile; fileRef = 849E44DE1C8D2B5A00397F6F /* MEDeallocBlockExecutor.m */; };
/* End PBXBuildFile section */

/* Begin PBXContainerItemProxy section */
		849DD4E61C89889200772BE1 /* PBXContainerItemProxy */ = {
			isa = PBXContainerItemProxy;
			containerPortal = 849DD4C41C89889100772BE1 /* Project object */;
			proxyType = 1;
			remoteGlobalIDString = 849DD4CB1C89889100772BE1;
			remoteInfo = METhemeKit;
		};
		849DD4F11C89889200772BE1 /* PBXContainerItemProxy */ = {
			isa = PBXContainerItemProxy;
			containerPortal = 849DD4C41C89889100772BE1 /* Project object */;
			proxyType = 1;
			remoteGlobalIDString = 849DD4CB1C89889100772BE1;
			remoteInfo = METhemeKit;
		};
/* End PBXContainerItemProxy section */

/* Begin PBXFileReference section */
		849DD4CC1C89889100772BE1 /* METhemeKit.app */ = {isa = PBXFileReference; explicitFileType = wrapper.application; includeInIndex = 0; path = METhemeKit.app; sourceTree = BUILT_PRODUCTS_DIR; };
		849DD4D01C89889100772BE1 /* main.m */ = {isa = PBXFileReference; lastKnownFileType = sourcecode.c.objc; path = main.m; sourceTree = "<group>"; };
		849DD4D21C89889100772BE1 /* AppDelegate.h */ = {isa = PBXFileReference; lastKnownFileType = sourcecode.c.h; path = AppDelegate.h; sourceTree = "<group>"; };
		849DD4D31C89889100772BE1 /* AppDelegate.m */ = {isa = PBXFileReference; lastKnownFileType = sourcecode.c.objc; path = AppDelegate.m; sourceTree = "<group>"; };
		849DD4D91C89889100772BE1 /* Base */ = {isa = PBXFileReference; lastKnownFileType = file.storyboard; name = Base; path = Base.lproj/Main.storyboard; sourceTree = "<group>"; };
		849DD4DB1C89889100772BE1 /* Assets.xcassets */ = {isa = PBXFileReference; lastKnownFileType = folder.assetcatalog; path = Assets.xcassets; sourceTree = "<group>"; };
		849DD4DE1C89889100772BE1 /* Base */ = {isa = PBXFileReference; lastKnownFileType = file.storyboard; name = Base; path = Base.lproj/LaunchScreen.storyboard; sourceTree = "<group>"; };
		849DD4E01C89889100772BE1 /* Info.plist */ = {isa = PBXFileReference; lastKnownFileType = text.plist.xml; path = Info.plist; sourceTree = "<group>"; };
		849DD4E51C89889200772BE1 /* METhemeKitTests.xctest */ = {isa = PBXFileReference; explicitFileType = wrapper.cfbundle; includeInIndex = 0; path = METhemeKitTests.xctest; sourceTree = BUILT_PRODUCTS_DIR; };
		849DD4E91C89889200772BE1 /* METhemeKitTests.m */ = {isa = PBXFileReference; lastKnownFileType = sourcecode.c.objc; path = METhemeKitTests.m; sourceTree = "<group>"; };
		849DD4EB1C89889200772BE1 /* Info.plist */ = {isa = PBXFileReference; lastKnownFileType = text.plist.xml; path = Info.plist; sourceTree = "<group>"; };
		849DD4F01C89889200772BE1 /* METhemeKitUITests.xctest */ = {isa = PBXFileReference; explicitFileType = wrapper.cfbundle; includeInIndex = 0; path = METhemeKitUITests.xctest; sourceTree = BUILT_PRODUCTS_DIR; };
		849DD4F41C89889200772BE1 /* METhemeKitUITests.m */ = {isa = PBXFileReference; lastKnownFileType = sourcecode.c.objc; path = METhemeKitUITests.m; sourceTree = "<group>"; };
		849DD4F61C89889200772BE1 /* Info.plist */ = {isa = PBXFileReference; lastKnownFileType = text.plist.xml; path = Info.plist; sourceTree = "<group>"; };
		849DD5061C8988D000772BE1 /* METhemeManager.h */ = {isa = PBXFileReference; fileEncoding = 4; lastKnownFileType = sourcecode.c.h; path = METhemeManager.h; sourceTree = "<group>"; };
		849DD5071C8988D000772BE1 /* METhemeManager.m */ = {isa = PBXFileReference; fileEncoding = 4; lastKnownFileType = sourcecode.c.objc; path = METhemeManager.m; sourceTree = "<group>"; };
		849DD5081C8988D000772BE1 /* NSObject+Theme.h */ = {isa = PBXFileReference; fileEncoding = 4; lastKnownFileType = sourcecode.c.h; path = "NSObject+Theme.h"; sourceTree = "<group>"; };
		849DD5091C8988D000772BE1 /* NSObject+Theme.m */ = {isa = PBXFileReference; fileEncoding = 4; lastKnownFileType = sourcecode.c.objc; path = "NSObject+Theme.m"; sourceTree = "<group>"; };
		849DD50A1C8988D000772BE1 /* ThemeProperties.h */ = {isa = PBXFileReference; fileEncoding = 4; lastKnownFileType = sourcecode.c.h; path = ThemeProperties.h; sourceTree = "<group>"; };
		849DD50B1C8988D000772BE1 /* UIColor+Theme.h */ = {isa = PBXFileReference; fileEncoding = 4; lastKnownFileType = sourcecode.c.h; path = "UIColor+Theme.h"; sourceTree = "<group>"; };
		849DD50C1C8988D000772BE1 /* UIColor+Theme.m */ = {isa = PBXFileReference; fileEncoding = 4; lastKnownFileType = sourcecode.c.objc; path = "UIColor+Theme.m"; sourceTree = "<group>"; };
		849DD50D1C8988D000772BE1 /* UIImage+Theme.h */ = {isa = PBXFileReference; fileEncoding = 4; lastKnownFileType = sourcecode.c.h; path = "UIImage+Theme.h"; sourceTree = "<group>"; };
		849DD50E1C8988D000772BE1 /* UIImage+Theme.m */ = {isa = PBXFileReference; fileEncoding = 4; lastKnownFileType = sourcecode.c.objc; path = "UIImage+Theme.m"; sourceTree = "<group>"; };
		849DD50F1C8988D000772BE1 /* METhemeKit.h */ = {isa = PBXFileReference; fileEncoding = 4; lastKnownFileType = sourcecode.c.h; path = METhemeKit.h; sourceTree = "<group>"; };
		849DD5111C8988D000772BE1 /* ThemeDefault.json */ = {isa = PBXFileReference; fileEncoding = 4; lastKnownFileType = text.json; path = ThemeDefault.json; sourceTree = "<group>"; };
		849DD5121C8988D000772BE1 /* ThemeOrange.json */ = {isa = PBXFileReference; fileEncoding = 4; lastKnownFileType = text.json; path = ThemeOrange.json; sourceTree = "<group>"; };
		849DD5161C8988D000772BE1 /* CALayer+Theme.h */ = {isa = PBXFileReference; fileEncoding = 4; lastKnownFileType = sourcecode.c.h; name = "CALayer+Theme.h"; path = "../ThemeUIKit/CALayer+Theme.h"; sourceTree = "<group>"; };
		849DD5171C8988D000772BE1 /* CALayer+Theme.m */ = {isa = PBXFileReference; fileEncoding = 4; lastKnownFileType = sourcecode.c.objc; name = "CALayer+Theme.m"; path = "../ThemeUIKit/CALayer+Theme.m"; sourceTree = "<group>"; };
		849DD51C1C8988D000772BE1 /* UIButton+Theme.h */ = {isa = PBXFileReference; fileEncoding = 4; lastKnownFileType = sourcecode.c.h; path = "UIButton+Theme.h"; sourceTree = "<group>"; };
		849DD51D1C8988D000772BE1 /* UIButton+Theme.m */ = {isa = PBXFileReference; fileEncoding = 4; lastKnownFileType = sourcecode.c.objc; path = "UIButton+Theme.m"; sourceTree = "<group>"; };
		849DD51E1C8988D000772BE1 /* UIImageView+Theme.h */ = {isa = PBXFileReference; fileEncoding = 4; lastKnownFileType = sourcecode.c.h; path = "UIImageView+Theme.h"; sourceTree = "<group>"; };
		849DD51F1C8988D000772BE1 /* UIImageView+Theme.m */ = {isa = PBXFileReference; fileEncoding = 4; lastKnownFileType = sourcecode.c.objc; path = "UIImageView+Theme.m"; sourceTree = "<group>"; };
		849DD5201C8988D000772BE1 /* UILabel+Theme.h */ = {isa = PBXFileReference; fileEncoding = 4; lastKnownFileType = sourcecode.c.h; path = "UILabel+Theme.h"; sourceTree = "<group>"; };
		849DD5211C8988D000772BE1 /* UILabel+Theme.m */ = {isa = PBXFileReference; fileEncoding = 4; lastKnownFileType = sourcecode.c.objc; path = "UILabel+Theme.m"; sourceTree = "<group>"; };
		849DD5221C8988D000772BE1 /* UINavigationBar+Theme.h */ = {isa = PBXFileReference; fileEncoding = 4; lastKnownFileType = sourcecode.c.h; path = "UINavigationBar+Theme.h"; sourceTree = "<group>"; };
		849DD5231C8988D000772BE1 /* UINavigationBar+Theme.m */ = {isa = PBXFileReference; fileEncoding = 4; lastKnownFileType = sourcecode.c.objc; path = "UINavigationBar+Theme.m"; sourceTree = "<group>"; };
		849DD5241C8988D000772BE1 /* UIView+Theme.h */ = {isa = PBXFileReference; fileEncoding = 4; lastKnownFileType = sourcecode.c.h; path = "UIView+Theme.h"; sourceTree = "<group>"; };
		849DD5251C8988D000772BE1 /* UIView+Theme.m */ = {isa = PBXFileReference; fileEncoding = 4; lastKnownFileType = sourcecode.c.objc; path = "UIView+Theme.m"; sourceTree = "<group>"; };
		849DD5411C8997DE00772BE1 /* FirstViewController.h */ = {isa = PBXFileReference; fileEncoding = 4; lastKnownFileType = sourcecode.c.h; path = FirstViewController.h; sourceTree = "<group>"; };
		849DD5421C8997DE00772BE1 /* FirstViewController.m */ = {isa = PBXFileReference; fileEncoding = 4; lastKnownFileType = sourcecode.c.objc; path = FirstViewController.m; sourceTree = "<group>"; };
		849DD5441C8997ED00772BE1 /* SecondViewController.h */ = {isa = PBXFileReference; fileEncoding = 4; lastKnownFileType = sourcecode.c.h; path = SecondViewController.h; sourceTree = "<group>"; };
		849DD5451C8997ED00772BE1 /* SecondViewController.m */ = {isa = PBXFileReference; fileEncoding = 4; lastKnownFileType = sourcecode.c.objc; path = SecondViewController.m; sourceTree = "<group>"; };
		849E44D31C8D211C00397F6F /* BaseNavViewController.h */ = {isa = PBXFileReference; fileEncoding = 4; lastKnownFileType = sourcecode.c.h; path = BaseNavViewController.h; sourceTree = "<group>"; };
		849E44D41C8D211C00397F6F /* BaseNavViewController.m */ = {isa = PBXFileReference; fileEncoding = 4; lastKnownFileType = sourcecode.c.objc; path = BaseNavViewController.m; sourceTree = "<group>"; };
		849E44D61C8D233E00397F6F /* BaseViewController.h */ = {isa = PBXFileReference; fileEncoding = 4; lastKnownFileType = sourcecode.c.h; path = BaseViewController.h; sourceTree = "<group>"; };
		849E44D71C8D233E00397F6F /* BaseViewController.m */ = {isa = PBXFileReference; fileEncoding = 4; lastKnownFileType = sourcecode.c.objc; path = BaseViewController.m; sourceTree = "<group>"; };
		849E44DA1C8D27C300397F6F /* NSObject+DeallocBlock.h */ = {isa = PBXFileReference; fileEncoding = 4; lastKnownFileType = sourcecode.c.h; path = "NSObject+DeallocBlock.h"; sourceTree = "<group>"; };
		849E44DB1C8D27C300397F6F /* NSObject+DeallocBlock.m */ = {isa = PBXFileReference; fileEncoding = 4; lastKnownFileType = sourcecode.c.objc; path = "NSObject+DeallocBlock.m"; sourceTree = "<group>"; };
		849E44DD1C8D2B5A00397F6F /* MEDeallocBlockExecutor.h */ = {isa = PBXFileReference; fileEncoding = 4; lastKnownFileType = sourcecode.c.h; path = MEDeallocBlockExecutor.h; sourceTree = "<group>"; };
		849E44DE1C8D2B5A00397F6F /* MEDeallocBlockExecutor.m */ = {isa = PBXFileReference; fileEncoding = 4; lastKnownFileType = sourcecode.c.objc; path = MEDeallocBlockExecutor.m; sourceTree = "<group>"; };
/* End PBXFileReference section */

/* Begin PBXFrameworksBuildPhase section */
		849DD4C91C89889100772BE1 /* Frameworks */ = {
			isa = PBXFrameworksBuildPhase;
			buildActionMask = 2147483647;
			files = (
			);
			runOnlyForDeploymentPostprocessing = 0;
		};
		849DD4E21C89889200772BE1 /* Frameworks */ = {
			isa = PBXFrameworksBuildPhase;
			buildActionMask = 2147483647;
			files = (
			);
			runOnlyForDeploymentPostprocessing = 0;
		};
		849DD4ED1C89889200772BE1 /* Frameworks */ = {
			isa = PBXFrameworksBuildPhase;
			buildActionMask = 2147483647;
			files = (
			);
			runOnlyForDeploymentPostprocessing = 0;
		};
/* End PBXFrameworksBuildPhase section */

/* Begin PBXGroup section */
		849DD4C31C89889100772BE1 = {
			isa = PBXGroup;
			children = (
				849DD4CE1C89889100772BE1 /* METhemeKit */,
				849DD4E81C89889200772BE1 /* METhemeKitTests */,
				849DD4F31C89889200772BE1 /* METhemeKitUITests */,
				849DD4CD1C89889100772BE1 /* Products */,
			);
			sourceTree = "<group>";
		};
		849DD4CD1C89889100772BE1 /* Products */ = {
			isa = PBXGroup;
			children = (
				849DD4CC1C89889100772BE1 /* METhemeKit.app */,
				849DD4E51C89889200772BE1 /* METhemeKitTests.xctest */,
				849DD4F01C89889200772BE1 /* METhemeKitUITests.xctest */,
			);
			name = Products;
			sourceTree = "<group>";
		};
		849DD4CE1C89889100772BE1 /* METhemeKit */ = {
			isa = PBXGroup;
			children = (
				849DD5041C8988D000772BE1 /* METhemeKit */,
				849DD4D21C89889100772BE1 /* AppDelegate.h */,
				849DD4D31C89889100772BE1 /* AppDelegate.m */,
				849DD4D81C89889100772BE1 /* Main.storyboard */,
				849DD4DB1C89889100772BE1 /* Assets.xcassets */,
				849DD4DD1C89889100772BE1 /* LaunchScreen.storyboard */,
				849DD4E01C89889100772BE1 /* Info.plist */,
				849DD4CF1C89889100772BE1 /* Supporting Files */,
				849DD5411C8997DE00772BE1 /* FirstViewController.h */,
				849DD5421C8997DE00772BE1 /* FirstViewController.m */,
				849DD5441C8997ED00772BE1 /* SecondViewController.h */,
				849DD5451C8997ED00772BE1 /* SecondViewController.m */,
				849E44D31C8D211C00397F6F /* BaseNavViewController.h */,
				849E44D41C8D211C00397F6F /* BaseNavViewController.m */,
				849E44D61C8D233E00397F6F /* BaseViewController.h */,
				849E44D71C8D233E00397F6F /* BaseViewController.m */,
			);
			path = METhemeKit;
			sourceTree = "<group>";
		};
		849DD4CF1C89889100772BE1 /* Supporting Files */ = {
			isa = PBXGroup;
			children = (
				849DD4D01C89889100772BE1 /* main.m */,
			);
			name = "Supporting Files";
			sourceTree = "<group>";
		};
		849DD4E81C89889200772BE1 /* METhemeKitTests */ = {
			isa = PBXGroup;
			children = (
				849DD4E91C89889200772BE1 /* METhemeKitTests.m */,
				849DD4EB1C89889200772BE1 /* Info.plist */,
			);
			path = METhemeKitTests;
			sourceTree = "<group>";
		};
		849DD4F31C89889200772BE1 /* METhemeKitUITests */ = {
			isa = PBXGroup;
			children = (
				849DD4F41C89889200772BE1 /* METhemeKitUITests.m */,
				849DD4F61C89889200772BE1 /* Info.plist */,
			);
			path = METhemeKitUITests;
			sourceTree = "<group>";
		};
		849DD5041C8988D000772BE1 /* METhemeKit */ = {
			isa = PBXGroup;
			children = (
				849DD50F1C8988D000772BE1 /* METhemeKit.h */,
				849DD5101C8988D000772BE1 /* ThemeData */,
				849DD5051C8988D000772BE1 /* Core */,
				849E44D91C8D276500397F6F /* DeallocBlock */,
				849DD5131C8988D000772BE1 /* ThemeUIKit */,
			);
			path = METhemeKit;
			sourceTree = "<group>";
		};
		849DD5051C8988D000772BE1 /* Core */ = {
			isa = PBXGroup;
			children = (
				849DD50A1C8988D000772BE1 /* ThemeProperties.h */,
				849DD5061C8988D000772BE1 /* METhemeManager.h */,
				849DD5071C8988D000772BE1 /* METhemeManager.m */,
				849DD5081C8988D000772BE1 /* NSObject+Theme.h */,
				849DD5091C8988D000772BE1 /* NSObject+Theme.m */,
				849DD50B1C8988D000772BE1 /* UIColor+Theme.h */,
				849DD50C1C8988D000772BE1 /* UIColor+Theme.m */,
				849DD5161C8988D000772BE1 /* CALayer+Theme.h */,
				849DD5171C8988D000772BE1 /* CALayer+Theme.m */,
				849DD50D1C8988D000772BE1 /* UIImage+Theme.h */,
				849DD50E1C8988D000772BE1 /* UIImage+Theme.m */,
			);
			path = Core;
			sourceTree = "<group>";
		};
		849DD5101C8988D000772BE1 /* ThemeData */ = {
			isa = PBXGroup;
			children = (
				849DD5111C8988D000772BE1 /* ThemeDefault.json */,
				849DD5121C8988D000772BE1 /* ThemeOrange.json */,
			);
			path = ThemeData;
			sourceTree = "<group>";
		};
		849DD5131C8988D000772BE1 /* ThemeUIKit */ = {
			isa = PBXGroup;
			children = (
				849DD51C1C8988D000772BE1 /* UIButton+Theme.h */,
				849DD51D1C8988D000772BE1 /* UIButton+Theme.m */,
				849DD51E1C8988D000772BE1 /* UIImageView+Theme.h */,
				849DD51F1C8988D000772BE1 /* UIImageView+Theme.m */,
				849DD5201C8988D000772BE1 /* UILabel+Theme.h */,
				849DD5211C8988D000772BE1 /* UILabel+Theme.m */,
				849DD5221C8988D000772BE1 /* UINavigationBar+Theme.h */,
				849DD5231C8988D000772BE1 /* UINavigationBar+Theme.m */,
				849DD5241C8988D000772BE1 /* UIView+Theme.h */,
				849DD5251C8988D000772BE1 /* UIView+Theme.m */,
			);
			path = ThemeUIKit;
			sourceTree = "<group>";
		};
		849E44D91C8D276500397F6F /* DeallocBlock */ = {
			isa = PBXGroup;
			children = (
				849E44DA1C8D27C300397F6F /* NSObject+DeallocBlock.h */,
				849E44DB1C8D27C300397F6F /* NSObject+DeallocBlock.m */,
				849E44DD1C8D2B5A00397F6F /* MEDeallocBlockExecutor.h */,
				849E44DE1C8D2B5A00397F6F /* MEDeallocBlockExecutor.m */,
			);
			name = DeallocBlock;
			sourceTree = "<group>";
		};
/* End PBXGroup section */

/* Begin PBXNativeTarget section */
		849DD4CB1C89889100772BE1 /* METhemeKit */ = {
			isa = PBXNativeTarget;
			buildConfigurationList = 849DD4F91C89889200772BE1 /* Build configuration list for PBXNativeTarget "METhemeKit" */;
			buildPhases = (
				849DD4C81C89889100772BE1 /* Sources */,
				849DD4C91C89889100772BE1 /* Frameworks */,
				849DD4CA1C89889100772BE1 /* Resources */,
			);
			buildRules = (
			);
			dependencies = (
			);
			name = METhemeKit;
			productName = METhemeKit;
			productReference = 849DD4CC1C89889100772BE1 /* METhemeKit.app */;
			productType = "com.apple.product-type.application";
		};
		849DD4E41C89889200772BE1 /* METhemeKitTests */ = {
			isa = PBXNativeTarget;
			buildConfigurationList = 849DD4FC1C89889200772BE1 /* Build configuration list for PBXNativeTarget "METhemeKitTests" */;
			buildPhases = (
				849DD4E11C89889200772BE1 /* Sources */,
				849DD4E21C89889200772BE1 /* Frameworks */,
				849DD4E31C89889200772BE1 /* Resources */,
			);
			buildRules = (
			);
			dependencies = (
				849DD4E71C89889200772BE1 /* PBXTargetDependency */,
			);
			name = METhemeKitTests;
			productName = METhemeKitTests;
			productReference = 849DD4E51C89889200772BE1 /* METhemeKitTests.xctest */;
			productType = "com.apple.product-type.bundle.unit-test";
		};
		849DD4EF1C89889200772BE1 /* METhemeKitUITests */ = {
			isa = PBXNativeTarget;
			buildConfigurationList = 849DD4FF1C89889200772BE1 /* Build configuration list for PBXNativeTarget "METhemeKitUITests" */;
			buildPhases = (
				849DD4EC1C89889200772BE1 /* Sources */,
				849DD4ED1C89889200772BE1 /* Frameworks */,
				849DD4EE1C89889200772BE1 /* Resources */,
			);
			buildRules = (
			);
			dependencies = (
				849DD4F21C89889200772BE1 /* PBXTargetDependency */,
			);
			name = METhemeKitUITests;
			productName = METhemeKitUITests;
			productReference = 849DD4F01C89889200772BE1 /* METhemeKitUITests.xctest */;
			productType = "com.apple.product-type.bundle.ui-testing";
		};
/* End PBXNativeTarget section */

/* Begin PBXProject section */
		849DD4C41C89889100772BE1 /* Project object */ = {
			isa = PBXProject;
			attributes = {
				LastUpgradeCheck = 0720;
				ORGANIZATIONNAME = Yasin;
				TargetAttributes = {
					849DD4CB1C89889100772BE1 = {
						CreatedOnToolsVersion = 7.2.1;
					};
					849DD4E41C89889200772BE1 = {
						CreatedOnToolsVersion = 7.2.1;
						TestTargetID = 849DD4CB1C89889100772BE1;
					};
					849DD4EF1C89889200772BE1 = {
						CreatedOnToolsVersion = 7.2.1;
						TestTargetID = 849DD4CB1C89889100772BE1;
					};
				};
			};
			buildConfigurationList = 849DD4C71C89889100772BE1 /* Build configuration list for PBXProject "METhemeKit" */;
			compatibilityVersion = "Xcode 3.2";
			developmentRegion = English;
			hasScannedForEncodings = 0;
			knownRegions = (
				en,
				Base,
			);
			mainGroup = 849DD4C31C89889100772BE1;
			productRefGroup = 849DD4CD1C89889100772BE1 /* Products */;
			projectDirPath = "";
			projectRoot = "";
			targets = (
				849DD4CB1C89889100772BE1 /* METhemeKit */,
				849DD4E41C89889200772BE1 /* METhemeKitTests */,
				849DD4EF1C89889200772BE1 /* METhemeKitUITests */,
			);
		};
/* End PBXProject section */

/* Begin PBXResourcesBuildPhase section */
		849DD4CA1C89889100772BE1 /* Resources */ = {
			isa = PBXResourcesBuildPhase;
			buildActionMask = 2147483647;
			files = (
				849DD4DF1C89889100772BE1 /* LaunchScreen.storyboard in Resources */,
				849DD52E1C8988D000772BE1 /* ThemeDefault.json in Resources */,
				849DD52F1C8988D000772BE1 /* ThemeOrange.json in Resources */,
				849DD4DC1C89889100772BE1 /* Assets.xcassets in Resources */,
				849DD4DA1C89889100772BE1 /* Main.storyboard in Resources */,
			);
			runOnlyForDeploymentPostprocessing = 0;
		};
		849DD4E31C89889200772BE1 /* Resources */ = {
			isa = PBXResourcesBuildPhase;
			buildActionMask = 2147483647;
			files = (
			);
			runOnlyForDeploymentPostprocessing = 0;
		};
		849DD4EE1C89889200772BE1 /* Resources */ = {
			isa = PBXResourcesBuildPhase;
			buildActionMask = 2147483647;
			files = (
			);
			runOnlyForDeploymentPostprocessing = 0;
		};
/* End PBXResourcesBuildPhase section */

/* Begin PBXSourcesBuildPhase section */
		849DD4C81C89889100772BE1 /* Sources */ = {
			isa = PBXSourcesBuildPhase;
			buildActionMask = 2147483647;
			files = (
				849DD5461C8997ED00772BE1 /* SecondViewController.m in Sources */,
				849DD5381C8988D000772BE1 /* UIView+Theme.m in Sources */,
				849E44DC1C8D27C300397F6F /* NSObject+DeallocBlock.m in Sources */,
				849E44D51C8D211C00397F6F /* BaseNavViewController.m in Sources */,
				849DD5371C8988D000772BE1 /* UINavigationBar+Theme.m in Sources */,
				849DD5361C8988D000772BE1 /* UILabel+Theme.m in Sources */,
				849DD52B1C8988D000772BE1 /* NSObject+Theme.m in Sources */,
				849DD5341C8988D000772BE1 /* UIButton+Theme.m in Sources */,
				849DD5311C8988D000772BE1 /* CALayer+Theme.m in Sources */,
				849DD4D41C89889100772BE1 /* AppDelegate.m in Sources */,
				849E44D81C8D233E00397F6F /* BaseViewController.m in Sources */,
				849E44DF1C8D2B5A00397F6F /* MEDeallocBlockExecutor.m in Sources */,
				849DD4D11C89889100772BE1 /* main.m in Sources */,
				849DD5431C8997DE00772BE1 /* FirstViewController.m in Sources */,
				849DD5351C8988D000772BE1 /* UIImageView+Theme.m in Sources */,
				849DD52D1C8988D000772BE1 /* UIImage+Theme.m in Sources */,
				849DD52A1C8988D000772BE1 /* METhemeManager.m in Sources */,
				849DD52C1C8988D000772BE1 /* UIColor+Theme.m in Sources */,
			);
			runOnlyForDeploymentPostprocessing = 0;
		};
		849DD4E11C89889200772BE1 /* Sources */ = {
			isa = PBXSourcesBuildPhase;
			buildActionMask = 2147483647;
			files = (
				849DD4EA1C89889200772BE1 /* METhemeKitTests.m in Sources */,
			);
			runOnlyForDeploymentPostprocessing = 0;
		};
		849DD4EC1C89889200772BE1 /* Sources */ = {
			isa = PBXSourcesBuildPhase;
			buildActionMask = 2147483647;
			files = (
				849DD4F51C89889200772BE1 /* METhemeKitUITests.m in Sources */,
			);
			runOnlyForDeploymentPostprocessing = 0;
		};
/* End PBXSourcesBuildPhase section */

/* Begin PBXTargetDependency section */
		849DD4E71C89889200772BE1 /* PBXTargetDependency */ = {
			isa = PBXTargetDependency;
			target = 849DD4CB1C89889100772BE1 /* METhemeKit */;
			targetProxy = 849DD4E61C89889200772BE1 /* PBXContainerItemProxy */;
		};
		849DD4F21C89889200772BE1 /* PBXTargetDependency */ = {
			isa = PBXTargetDependency;
			target = 849DD4CB1C89889100772BE1 /* METhemeKit */;
			targetProxy = 849DD4F11C89889200772BE1 /* PBXContainerItemProxy */;
		};
/* End PBXTargetDependency section */

/* Begin PBXVariantGroup section */
		849DD4D81C89889100772BE1 /* Main.storyboard */ = {
			isa = PBXVariantGroup;
			children = (
				849DD4D91C89889100772BE1 /* Base */,
			);
			name = Main.storyboard;
			sourceTree = "<group>";
		};
		849DD4DD1C89889100772BE1 /* LaunchScreen.storyboard */ = {
			isa = PBXVariantGroup;
			children = (
				849DD4DE1C89889100772BE1 /* Base */,
			);
			name = LaunchScreen.storyboard;
			sourceTree = "<group>";
		};
/* End PBXVariantGroup section */

/* Begin XCBuildConfiguration section */
		849DD4F71C89889200772BE1 /* Debug */ = {
			isa = XCBuildConfiguration;
			buildSettings = {
				ALWAYS_SEARCH_USER_PATHS = NO;
				CLANG_CXX_LANGUAGE_STANDARD = "gnu++0x";
				CLANG_CXX_LIBRARY = "libc++";
				CLANG_ENABLE_MODULES = YES;
				CLANG_ENABLE_OBJC_ARC = YES;
				CLANG_WARN_BOOL_CONVERSION = YES;
				CLANG_WARN_CONSTANT_CONVERSION = YES;
				CLANG_WARN_DIRECT_OBJC_ISA_USAGE = YES_ERROR;
				CLANG_WARN_EMPTY_BODY = YES;
				CLANG_WARN_ENUM_CONVERSION = YES;
				CLANG_WARN_INT_CONVERSION = YES;
				CLANG_WARN_OBJC_ROOT_CLASS = YES_ERROR;
				CLANG_WARN_UNREACHABLE_CODE = YES;
				CLANG_WARN__DUPLICATE_METHOD_MATCH = YES;
				"CODE_SIGN_IDENTITY[sdk=iphoneos*]" = "iPhone Developer";
				COPY_PHASE_STRIP = NO;
				DEBUG_INFORMATION_FORMAT = dwarf;
				ENABLE_STRICT_OBJC_MSGSEND = YES;
				ENABLE_TESTABILITY = YES;
				GCC_C_LANGUAGE_STANDARD = gnu99;
				GCC_DYNAMIC_NO_PIC = NO;
				GCC_NO_COMMON_BLOCKS = YES;
				GCC_OPTIMIZATION_LEVEL = 0;
				GCC_PREPROCESSOR_DEFINITIONS = (
					"DEBUG=1",
					"$(inherited)",
				);
				GCC_WARN_64_TO_32_BIT_CONVERSION = YES;
				GCC_WARN_ABOUT_RETURN_TYPE = YES_ERROR;
				GCC_WARN_UNDECLARED_SELECTOR = YES;
				GCC_WARN_UNINITIALIZED_AUTOS = YES_AGGRESSIVE;
				GCC_WARN_UNUSED_FUNCTION = YES;
				GCC_WARN_UNUSED_VARIABLE = YES;
				IPHONEOS_DEPLOYMENT_TARGET = 9.2;
				MTL_ENABLE_DEBUG_INFO = YES;
				ONLY_ACTIVE_ARCH = YES;
				SDKROOT = iphoneos;
			};
			name = Debug;
		};
		849DD4F81C89889200772BE1 /* Release */ = {
			isa = XCBuildConfiguration;
			buildSettings = {
				ALWAYS_SEARCH_USER_PATHS = NO;
				CLANG_CXX_LANGUAGE_STANDARD = "gnu++0x";
				CLANG_CXX_LIBRARY = "libc++";
				CLANG_ENABLE_MODULES = YES;
				CLANG_ENABLE_OBJC_ARC = YES;
				CLANG_WARN_BOOL_CONVERSION = YES;
				CLANG_WARN_CONSTANT_CONVERSION = YES;
				CLANG_WARN_DIRECT_OBJC_ISA_USAGE = YES_ERROR;
				CLANG_WARN_EMPTY_BODY = YES;
				CLANG_WARN_ENUM_CONVERSION = YES;
				CLANG_WARN_INT_CONVERSION = YES;
				CLANG_WARN_OBJC_ROOT_CLASS = YES_ERROR;
				CLANG_WARN_UNREACHABLE_CODE = YES;
				CLANG_WARN__DUPLICATE_METHOD_MATCH = YES;
				"CODE_SIGN_IDENTITY[sdk=iphoneos*]" = "iPhone Developer";
				COPY_PHASE_STRIP = NO;
				DEBUG_INFORMATION_FORMAT = "dwarf-with-dsym";
				ENABLE_NS_ASSERTIONS = NO;
				ENABLE_STRICT_OBJC_MSGSEND = YES;
				GCC_C_LANGUAGE_STANDARD = gnu99;
				GCC_NO_COMMON_BLOCKS = YES;
				GCC_WARN_64_TO_32_BIT_CONVERSION = YES;
				GCC_WARN_ABOUT_RETURN_TYPE = YES_ERROR;
				GCC_WARN_UNDECLARED_SELECTOR = YES;
				GCC_WARN_UNINITIALIZED_AUTOS = YES_AGGRESSIVE;
				GCC_WARN_UNUSED_FUNCTION = YES;
				GCC_WARN_UNUSED_VARIABLE = YES;
				IPHONEOS_DEPLOYMENT_TARGET = 9.2;
				MTL_ENABLE_DEBUG_INFO = NO;
				SDKROOT = iphoneos;
				VALIDATE_PRODUCT = YES;
			};
			name = Release;
		};
		849DD4FA1C89889200772BE1 /* Debug */ = {
			isa = XCBuildConfiguration;
			buildSettings = {
				ASSETCATALOG_COMPILER_APPICON_NAME = AppIcon;
				INFOPLIST_FILE = METhemeKit/Info.plist;
				IPHONEOS_DEPLOYMENT_TARGET = 6.0;
				LD_RUNPATH_SEARCH_PATHS = "$(inherited) @executable_path/Frameworks";
				PRODUCT_BUNDLE_IDENTIFIER = Yasin.METhemeKit;
				PRODUCT_NAME = "$(TARGET_NAME)";
			};
			name = Debug;
		};
		849DD4FB1C89889200772BE1 /* Release */ = {
			isa = XCBuildConfiguration;
			buildSettings = {
				ASSETCATALOG_COMPILER_APPICON_NAME = AppIcon;
				INFOPLIST_FILE = METhemeKit/Info.plist;
				IPHONEOS_DEPLOYMENT_TARGET = 6.0;
				LD_RUNPATH_SEARCH_PATHS = "$(inherited) @executable_path/Frameworks";
				PRODUCT_BUNDLE_IDENTIFIER = Yasin.METhemeKit;
				PRODUCT_NAME = "$(TARGET_NAME)";
			};
			name = Release;
		};
		849DD4FD1C89889200772BE1 /* Debug */ = {
			isa = XCBuildConfiguration;
			buildSettings = {
				BUNDLE_LOADER = "$(TEST_HOST)";
				INFOPLIST_FILE = METhemeKitTests/Info.plist;
				LD_RUNPATH_SEARCH_PATHS = "$(inherited) @executable_path/Frameworks @loader_path/Frameworks";
				PRODUCT_BUNDLE_IDENTIFIER = Yasin.METhemeKitTests;
				PRODUCT_NAME = "$(TARGET_NAME)";
				TEST_HOST = "$(BUILT_PRODUCTS_DIR)/METhemeKit.app/METhemeKit";
			};
			name = Debug;
		};
		849DD4FE1C89889200772BE1 /* Release */ = {
			isa = XCBuildConfiguration;
			buildSettings = {
				BUNDLE_LOADER = "$(TEST_HOST)";
				INFOPLIST_FILE = METhemeKitTests/Info.plist;
				LD_RUNPATH_SEARCH_PATHS = "$(inherited) @executable_path/Frameworks @loader_path/Frameworks";
				PRODUCT_BUNDLE_IDENTIFIER = Yasin.METhemeKitTests;
				PRODUCT_NAME = "$(TARGET_NAME)";
				TEST_HOST = "$(BUILT_PRODUCTS_DIR)/METhemeKit.app/METhemeKit";
			};
			name = Release;
		};
		849DD5001C89889200772BE1 /* Debug */ = {
			isa = XCBuildConfiguration;
			buildSettings = {
				INFOPLIST_FILE = METhemeKitUITests/Info.plist;
				LD_RUNPATH_SEARCH_PATHS = "$(inherited) @executable_path/Frameworks @loader_path/Frameworks";
				PRODUCT_BUNDLE_IDENTIFIER = Yasin.METhemeKitUITests;
				PRODUCT_NAME = "$(TARGET_NAME)";
				TEST_TARGET_NAME = METhemeKit;
				USES_XCTRUNNER = YES;
			};
			name = Debug;
		};
		849DD5011C89889200772BE1 /* Release */ = {
			isa = XCBuildConfiguration;
			buildSettings = {
				INFOPLIST_FILE = METhemeKitUITests/Info.plist;
				LD_RUNPATH_SEARCH_PATHS = "$(inherited) @executable_path/Frameworks @loader_path/Frameworks";
				PRODUCT_BUNDLE_IDENTIFIER = Yasin.METhemeKitUITests;
				PRODUCT_NAME = "$(TARGET_NAME)";
				TEST_TARGET_NAME = METhemeKit;
				USES_XCTRUNNER = YES;
			};
			name = Release;
		};
/* End XCBuildConfiguration section */

/* Begin XCConfigurationList section */
		849DD4C71C89889100772BE1 /* Build configuration list for PBXProject "METhemeKit" */ = {
			isa = XCConfigurationList;
			buildConfigurations = (
				849DD4F71C89889200772BE1 /* Debug */,
				849DD4F81C89889200772BE1 /* Release */,
			);
			defaultConfigurationIsVisible = 0;
			defaultConfigurationName = Release;
		};
		849DD4F91C89889200772BE1 /* Build configuration list for PBXNativeTarget "METhemeKit" */ = {
			isa = XCConfigurationList;
			buildConfigurations = (
				849DD4FA1C89889200772BE1 /* Debug */,
				849DD4FB1C89889200772BE1 /* Release */,
			);
			defaultConfigurationIsVisible = 0;
			defaultConfigurationName = Release;
		};
		849DD4FC1C89889200772BE1 /* Build configuration list for PBXNativeTarget "METhemeKitTests" */ = {
			isa = XCConfigurationList;
			buildConfigurations = (
				849DD4FD1C89889200772BE1 /* Debug */,
				849DD4FE1C89889200772BE1 /* Release */,
			);
			defaultConfigurationIsVisible = 0;
			defaultConfigurationName = Release;
		};
		849DD4FF1C89889200772BE1 /* Build configuration list for PBXNativeTarget "METhemeKitUITests" */ = {
			isa = XCConfigurationList;
			buildConfigurations = (
				849DD5001C89889200772BE1 /* Debug */,
				849DD5011C89889200772BE1 /* Release */,
			);
			defaultConfigurationIsVisible = 0;
			defaultConfigurationName = Release;
		};
/* End XCConfigurationList section */
	};
	rootObject = 849DD4C41C89889100772BE1 /* Project object */;
}
